
Microsoft Visual Studio Solution File, Format Version 12.00
# Visual Studio Version 17
VisualStudioVersion = 17.9.34723.18
MinimumVisualStudioVersion = 10.0.40219.1
Project("{FAE04EC0-301F-11D3-BF4B-00C04F79EFBC}") = "sda.backend.minimalapi.ui", "sda.backend.minimalapi.ui\sda.backend.minimalapi.ui.csproj", "{B4A76306-E86C-4586-BA30-23A67100FD69}"
EndProject
Project("{2150E333-8FDC-42A3-9474-1A3956D46DE8}") = "Libs", "Libs", "{DCCA55BE-6FBB-4BDB-9B60-919EC9B6E54E}"
EndProject
Project("{FAE04EC0-301F-11D3-BF4B-00C04F79EFBC}") = "sda.backend.minimalapi.Core.Games.Models", "sda.backend.minimalapi.Core.Games.Models\sda.backend.minimalapi.Core.Games.Models.csproj", "{75E839D3-0459-4727-A6B0-878F61B05BAF}"
EndProject
Global
	GlobalSection(SolutionConfigurationPlatforms) = preSolution
		Debug|Any CPU = Debug|Any CPU
		Release|Any CPU = Release|Any CPU
	EndGlobalSection
	GlobalSection(ProjectConfigurationPlatforms) = postSolution
		{B4A76306-E86C-4586-BA30-23A67100FD69}.Debug|Any CPU.ActiveCfg = Debug|Any CPU
		{B4A76306-E86C-4586-BA30-23A67100FD69}.Debug|Any CPU.Build.0 = Debug|Any CPU
		{B4A76306-E86C-4586-BA30-23A67100FD69}.Release|Any CPU.ActiveCfg = Release|Any CPU
		{B4A76306-E86C-4586-BA30-23A67100FD69}.Release|Any CPU.Build.0 = Release|Any CPU
		{75E839D3-0459-4727-A6B0-878F61B05BAF}.Debug|Any CPU.ActiveCfg = Debug|Any CPU
		{75E839D3-0459-4727-A6B0-878F61B05BAF}.Debug|Any CPU.Build.0 = Debug|Any CPU
		{75E839D3-0459-4727-A6B0-878F61B05BAF}.Release|Any CPU.ActiveCfg = Release|Any CPU
		{75E839D3-0459-4727-A6B0-878F61B05BAF}.Release|Any CPU.Build.0 = Release|Any CPU
	EndGlobalSection
	GlobalSection(SolutionProperties) = preSolution
		HideSolutionNode = FALSE
	EndGlobalSection
	GlobalSection(NestedProjects) = preSolution
		{75E839D3-0459-4727-A6B0-878F61B05BAF} = {DCCA55BE-6FBB-4BDB-9B60-919EC9B6E54E}
	EndGlobalSection
	GlobalSection(ExtensibilityGlobals) = postSolution
		SolutionGuid = {F2AF67B5-4F4F-4A9B-8234-F597DA3F8EDC}
	EndGlobalSection
EndGlobal
